
Microsoft Visual Studio Solution File, Format Version 12.00
# Visual Studio Version 17
VisualStudioVersion = 17.5.33530.505
MinimumVisualStudioVersion = 10.0.40219.1
Project("{2150E333-8FDC-42A3-9474-1A3956D46DE8}") = "Domain", "Domain", "{B57E30FF-D429-46E5-83DD-96AB233F62F4}"
EndProject
Project("{2150E333-8FDC-42A3-9474-1A3956D46DE8}") = "Infra.Bus", "Infra.Bus", "{27B372E5-2F7D-4FD4-8108-EA8096BA72E1}"
EndProject
Project("{2150E333-8FDC-42A3-9474-1A3956D46DE8}") = "Infra.IoC", "Infra.IoC", "{FCAC2DD1-1136-4FE3-81F8-7831D056A695}"
EndProject
Project("{2150E333-8FDC-42A3-9474-1A3956D46DE8}") = "Microservices", "Microservices", "{30E6080A-AB4F-4F5E-AB19-F499E73DAA19}"
EndProject
Project("{2150E333-8FDC-42A3-9474-1A3956D46DE8}") = "Presentation", "Presentation", "{528628FD-BA56-45F7-9F04-6A073538F5C3}"
EndProject
Project("{9A19103F-16F7-4668-BE54-9A1E7A4F7556}") = "MicroservicesRabbitmq.Domain.Core", "MicroservicesRabbitmq.Domain.Core\MicroservicesRabbitmq.Domain.Core.csproj", "{BC32BB16-1698-430C-A502-0490701AD355}"
EndProject
Project("{9A19103F-16F7-4668-BE54-9A1E7A4F7556}") = "MicroservicesRabbitmq.Infra.Bus", "MicroservicesRabbitmq.Infra.Bus\MicroservicesRabbitmq.Infra.Bus.csproj", "{547F00F4-FA5D-4174-8ABB-AA57A2E5E31E}"
EndProject
Project("{9A19103F-16F7-4668-BE54-9A1E7A4F7556}") = "MicroservicesRabbitmq.Infra.IoC", "MicroservicesRabbitmq.Infra.Ioc\MicroservicesRabbitmq.Infra.IoC.csproj", "{BDC04D79-7E5D-46B3-8F7B-594279B0B277}"
EndProject
Project("{2150E333-8FDC-42A3-9474-1A3956D46DE8}") = "Banking", "Banking", "{A569920C-9C0C-474C-A120-B11602F3AFC9}"
EndProject
Project("{2150E333-8FDC-42A3-9474-1A3956D46DE8}") = "Domain", "Domain", "{6B54F48B-9CFC-4621-A073-0B5A9A61D12D}"
EndProject
Project("{2150E333-8FDC-42A3-9474-1A3956D46DE8}") = "Api", "Api", "{AE55DE69-D05D-4F63-BAA8-284FDB119DC8}"
EndProject
Project("{2150E333-8FDC-42A3-9474-1A3956D46DE8}") = "Application", "Application", "{C0491CA5-35C1-4985-8989-C7136E02D0D3}"
EndProject
Project("{2150E333-8FDC-42A3-9474-1A3956D46DE8}") = "Data", "Data", "{41CE87EB-1E83-441B-8611-A17971CF1473}"
EndProject
Project("{FAE04EC0-301F-11D3-BF4B-00C04F79EFBC}") = "MicroservicesRabbitmq.Banking.Api", "MicroservicesRabbitmq.Banking.Api\MicroservicesRabbitmq.Banking.Api.csproj", "{461F6ECA-DF45-4A71-ABB4-6C8C8A82CF57}"
EndProject
Project("{FAE04EC0-301F-11D3-BF4B-00C04F79EFBC}") = "MicroservicesRabbitmq.Banking.Application", "MicroservicesRabbitmq.Banking.Application\MicroservicesRabbitmq.Banking.Application.csproj", "{A0A10BE9-0A70-4D42-B8AA-575B8D48FA16}"
EndProject
Project("{FAE04EC0-301F-11D3-BF4B-00C04F79EFBC}") = "MicroservicesRabbitmq.Banking.Data", "MicroservicesRabbitmq.Banking.Data\MicroservicesRabbitmq.Banking.Data.csproj", "{9CB0062A-6E84-426D-A00C-978A79326DE0}"
EndProject
Project("{FAE04EC0-301F-11D3-BF4B-00C04F79EFBC}") = "MicroservicesRabbitmq.Banking.Domain", "MicroservicesRabbitmq.Banking.Domain\MicroservicesRabbitmq.Banking.Domain.csproj", "{5BE80E22-1CCF-4CCB-8412-7FE6896F3BAE}"
EndProject
Global
	GlobalSection(SolutionConfigurationPlatforms) = preSolution
		Debug|Any CPU = Debug|Any CPU
		Release|Any CPU = Release|Any CPU
	EndGlobalSection
	GlobalSection(ProjectConfigurationPlatforms) = postSolution
		{BC32BB16-1698-430C-A502-0490701AD355}.Debug|Any CPU.ActiveCfg = Debug|Any CPU
		{BC32BB16-1698-430C-A502-0490701AD355}.Debug|Any CPU.Build.0 = Debug|Any CPU
		{BC32BB16-1698-430C-A502-0490701AD355}.Release|Any CPU.ActiveCfg = Release|Any CPU
		{BC32BB16-1698-430C-A502-0490701AD355}.Release|Any CPU.Build.0 = Release|Any CPU
		{547F00F4-FA5D-4174-8ABB-AA57A2E5E31E}.Debug|Any CPU.ActiveCfg = Debug|Any CPU
		{547F00F4-FA5D-4174-8ABB-AA57A2E5E31E}.Debug|Any CPU.Build.0 = Debug|Any CPU
		{547F00F4-FA5D-4174-8ABB-AA57A2E5E31E}.Release|Any CPU.ActiveCfg = Release|Any CPU
		{547F00F4-FA5D-4174-8ABB-AA57A2E5E31E}.Release|Any CPU.Build.0 = Release|Any CPU
		{BDC04D79-7E5D-46B3-8F7B-594279B0B277}.Debug|Any CPU.ActiveCfg = Debug|Any CPU
		{BDC04D79-7E5D-46B3-8F7B-594279B0B277}.Debug|Any CPU.Build.0 = Debug|Any CPU
		{BDC04D79-7E5D-46B3-8F7B-594279B0B277}.Release|Any CPU.ActiveCfg = Release|Any CPU
		{BDC04D79-7E5D-46B3-8F7B-594279B0B277}.Release|Any CPU.Build.0 = Release|Any CPU
		{461F6ECA-DF45-4A71-ABB4-6C8C8A82CF57}.Debug|Any CPU.ActiveCfg = Debug|Any CPU
		{461F6ECA-DF45-4A71-ABB4-6C8C8A82CF57}.Debug|Any CPU.Build.0 = Debug|Any CPU
		{461F6ECA-DF45-4A71-ABB4-6C8C8A82CF57}.Release|Any CPU.ActiveCfg = Release|Any CPU
		{461F6ECA-DF45-4A71-ABB4-6C8C8A82CF57}.Release|Any CPU.Build.0 = Release|Any CPU
		{A0A10BE9-0A70-4D42-B8AA-575B8D48FA16}.Debug|Any CPU.ActiveCfg = Debug|Any CPU
		{A0A10BE9-0A70-4D42-B8AA-575B8D48FA16}.Debug|Any CPU.Build.0 = Debug|Any CPU
		{A0A10BE9-0A70-4D42-B8AA-575B8D48FA16}.Release|Any CPU.ActiveCfg = Release|Any CPU
		{A0A10BE9-0A70-4D42-B8AA-575B8D48FA16}.Release|Any CPU.Build.0 = Release|Any CPU
		{9CB0062A-6E84-426D-A00C-978A79326DE0}.Debug|Any CPU.ActiveCfg = Debug|Any CPU
		{9CB0062A-6E84-426D-A00C-978A79326DE0}.Debug|Any CPU.Build.0 = Debug|Any CPU
		{9CB0062A-6E84-426D-A00C-978A79326DE0}.Release|Any CPU.ActiveCfg = Release|Any CPU
		{9CB0062A-6E84-426D-A00C-978A79326DE0}.Release|Any CPU.Build.0 = Release|Any CPU
		{5BE80E22-1CCF-4CCB-8412-7FE6896F3BAE}.Debug|Any CPU.ActiveCfg = Debug|Any CPU
		{5BE80E22-1CCF-4CCB-8412-7FE6896F3BAE}.Debug|Any CPU.Build.0 = Debug|Any CPU
		{5BE80E22-1CCF-4CCB-8412-7FE6896F3BAE}.Release|Any CPU.ActiveCfg = Release|Any CPU
		{5BE80E22-1CCF-4CCB-8412-7FE6896F3BAE}.Release|Any CPU.Build.0 = Release|Any CPU
	EndGlobalSection
	GlobalSection(SolutionProperties) = preSolution
		HideSolutionNode = FALSE
	EndGlobalSection
	GlobalSection(NestedProjects) = preSolution
		{BC32BB16-1698-430C-A502-0490701AD355} = {B57E30FF-D429-46E5-83DD-96AB233F62F4}
		{547F00F4-FA5D-4174-8ABB-AA57A2E5E31E} = {27B372E5-2F7D-4FD4-8108-EA8096BA72E1}
		{BDC04D79-7E5D-46B3-8F7B-594279B0B277} = {FCAC2DD1-1136-4FE3-81F8-7831D056A695}
		{A569920C-9C0C-474C-A120-B11602F3AFC9} = {30E6080A-AB4F-4F5E-AB19-F499E73DAA19}
		{6B54F48B-9CFC-4621-A073-0B5A9A61D12D} = {A569920C-9C0C-474C-A120-B11602F3AFC9}
		{AE55DE69-D05D-4F63-BAA8-284FDB119DC8} = {A569920C-9C0C-474C-A120-B11602F3AFC9}
		{C0491CA5-35C1-4985-8989-C7136E02D0D3} = {A569920C-9C0C-474C-A120-B11602F3AFC9}
		{41CE87EB-1E83-441B-8611-A17971CF1473} = {A569920C-9C0C-474C-A120-B11602F3AFC9}
		{461F6ECA-DF45-4A71-ABB4-6C8C8A82CF57} = {AE55DE69-D05D-4F63-BAA8-284FDB119DC8}
		{A0A10BE9-0A70-4D42-B8AA-575B8D48FA16} = {C0491CA5-35C1-4985-8989-C7136E02D0D3}
		{9CB0062A-6E84-426D-A00C-978A79326DE0} = {41CE87EB-1E83-441B-8611-A17971CF1473}
		{5BE80E22-1CCF-4CCB-8412-7FE6896F3BAE} = {6B54F48B-9CFC-4621-A073-0B5A9A61D12D}
	EndGlobalSection
	GlobalSection(ExtensibilityGlobals) = postSolution
		SolutionGuid = {FFAFCA2D-6F2C-4E08-BEB4-967EE031AD56}
	EndGlobalSection
EndGlobal
